
Microsoft Visual Studio Solution File, Format Version 12.00
# Visual Studio Version 16
VisualStudioVersion = 16.0.31402.337
MinimumVisualStudioVersion = 10.0.40219.1
Project("{FAE04EC0-301F-11D3-BF4B-00C04F79EFBC}") = "APSS_p", "APSS_p\APSS_p.csproj", "{1F813607-6A27-470A-AED5-4E0F597CC46E}"
EndProject
Global
	GlobalSection(SolutionConfigurationPlatforms) = preSolution
		Debug|Any CPU = Debug|Any CPU
		Release|Any CPU = Release|Any CPU
	EndGlobalSection
	GlobalSection(ProjectConfigurationPlatforms) = postSolution
		{1F813607-6A27-470A-AED5-4E0F597CC46E}.Debug|Any CPU.ActiveCfg = Debug|Any CPU
		{1F813607-6A27-470A-AED5-4E0F597CC46E}.Debug|Any CPU.Build.0 = Debug|Any CPU
		{1F813607-6A27-470A-AED5-4E0F597CC46E}.Release|Any CPU.ActiveCfg = Release|Any CPU
		{1F813607-6A27-470A-AED5-4E0F597CC46E}.Release|Any CPU.Build.0 = Release|Any CPU
	EndGlobalSection
	GlobalSection(SolutionProperties) = preSolution
		HideSolutionNode = FALSE
	EndGlobalSection
	GlobalSection(ExtensibilityGlobals) = postSolution
		SolutionGuid = {4CF68F03-8085-475F-9629-93DDF77E25E6}
	EndGlobalSection
EndGlobal
